
Microsoft Visual Studio Solution File, Format Version 12.00
# Visual Studio 2012
Project("{D954291E-2A0B-460D-934E-DC6B0785DB48}") = "RichTextEditor.Shared", "RichTextEditor.Shared\RichTextEditor.Shared.shproj", "{EE8A3713-2CA6-434E-A8B4-4B01A9AEFE27}"
EndProject
Project("{FAE04EC0-301F-11D3-BF4B-00C04F79EFBC}") = "RichTextEditor.iOS", "RichTextEditor.iOS\RichTextEditor.iOS.csproj", "{9FF5FB32-DBE8-4031-9225-5170C05861D9}"
EndProject
Project("{FAE04EC0-301F-11D3-BF4B-00C04F79EFBC}") = "RichTextEditor.Android", "RichTextEditor.Android\RichTextEditor.Android.csproj", "{A57098B1-4131-45F6-956F-2833EC5BE061}"
EndProject
Project("{5DD5E4FA-CB73-4610-85AB-557B54E96AA9}") = "RichTextEditor.NuGet", "RichTextEditor.NuGet\RichTextEditor.NuGet.nuproj", "{17100908-D3B1-4839-AE53-E839967B8B3B}"
EndProject
Global
	GlobalSection(SolutionConfigurationPlatforms) = preSolution
		Debug|Any CPU = Debug|Any CPU
		Release|Any CPU = Release|Any CPU
	EndGlobalSection
	GlobalSection(ProjectConfigurationPlatforms) = postSolution
		{9FF5FB32-DBE8-4031-9225-5170C05861D9}.Debug|Any CPU.ActiveCfg = Debug|Any CPU
		{9FF5FB32-DBE8-4031-9225-5170C05861D9}.Debug|Any CPU.Build.0 = Debug|Any CPU
		{9FF5FB32-DBE8-4031-9225-5170C05861D9}.Release|Any CPU.ActiveCfg = Release|Any CPU
		{9FF5FB32-DBE8-4031-9225-5170C05861D9}.Release|Any CPU.Build.0 = Release|Any CPU
		{A57098B1-4131-45F6-956F-2833EC5BE061}.Debug|Any CPU.ActiveCfg = Debug|Any CPU
		{A57098B1-4131-45F6-956F-2833EC5BE061}.Debug|Any CPU.Build.0 = Debug|Any CPU
		{A57098B1-4131-45F6-956F-2833EC5BE061}.Release|Any CPU.ActiveCfg = Release|Any CPU
		{A57098B1-4131-45F6-956F-2833EC5BE061}.Release|Any CPU.Build.0 = Release|Any CPU
		{17100908-D3B1-4839-AE53-E839967B8B3B}.Debug|Any CPU.ActiveCfg = Debug|Any CPU
		{17100908-D3B1-4839-AE53-E839967B8B3B}.Debug|Any CPU.Build.0 = Debug|Any CPU
		{17100908-D3B1-4839-AE53-E839967B8B3B}.Release|Any CPU.ActiveCfg = Release|Any CPU
		{17100908-D3B1-4839-AE53-E839967B8B3B}.Release|Any CPU.Build.0 = Release|Any CPU
	EndGlobalSection
	GlobalSection(MonoDevelopProperties) = preSolution
		Policies = $0
		$0.DotNetNamingPolicy = $1
		$1.DirectoryNamespaceAssociation = None
		$1.ResourceNamePolicy = FileFormatDefault
	EndGlobalSection
EndGlobal
