Microsoft Visual Studio Solution File, Format Version 12.00
# Visual Studio 15
VisualStudioVersion = 15.0.27004.2008
MinimumVisualStudioVersion = 10.0.40219.1
Project("{D954291E-2A0B-460D-934E-DC6B0785DB48}") = "RichTextEditor.Shared", "RichTextEditor.Shared\RichTextEditor.Shared.shproj", "{EE8A3713-2CA6-434E-A8B4-4B01A9AEFE27}"
EndProject
Project("{FAE04EC0-301F-11D3-BF4B-00C04F79EFBC}") = "RichTextEditor.iOS", "RichTextEditor.iOS\RichTextEditor.iOS.csproj", "{9FF5FB32-DBE8-4031-9225-5170C05861D9}"
EndProject
Project("{FAE04EC0-301F-11D3-BF4B-00C04F79EFBC}") = "RichTextEditor.Android", "RichTextEditor.Android\RichTextEditor.Android.csproj", "{A57098B1-4131-45F6-956F-2833EC5BE061}"
EndProject
Project("{FAE04EC0-301F-11D3-BF4B-00C04F79EFBC}") = "RTE.iOS.Test", "RTE.iOS.Test\RTE.iOS.Test.csproj", "{5DF2D479-3D52-4E3D-AE26-20714C79C766}"
EndProject
Project("{FAE04EC0-301F-11D3-BF4B-00C04F79EFBC}") = "RTE.Droid.Test", "RTE.Droid.Test\RTE.Droid.Test.csproj", "{B87A7BB9-6818-48D3-A36D-96B7F4BFA814}"
EndProject
Project("{D954291E-2A0B-460D-934E-DC6B0785DB48}") = "RTEImplementation", "RTEImplementation\RTEImplementation\RTEImplementation.shproj", "{B5ED57E2-9E97-4DF0-8F65-00C863CD127E}"
EndProject
Project("{FAE04EC0-301F-11D3-BF4B-00C04F79EFBC}") = "RTEImplementation.Android", "RTEImplementation\RTEImplementation.Android\RTEImplementation.Android.csproj", "{0835FA34-4E1C-4E65-95BC-624883F2F193}"
EndProject
Project("{FAE04EC0-301F-11D3-BF4B-00C04F79EFBC}") = "RTEImplementation.iOS", "RTEImplementation\RTEImplementation.iOS\RTEImplementation.iOS.csproj", "{19993609-D1E3-4765-9BD7-49E0630278B5}"
EndProject
Project("{FAE04EC0-301F-11D3-BF4B-00C04F79EFBC}") = "RTEImplementation.UWP", "RTEImplementation\RTEImplementation.UWP\RTEImplementation.UWP.csproj", "{2C736A5D-29B2-4DB7-9553-F1FB48E98972}"
EndProject
Global
	GlobalSection(SharedMSBuildProjectFiles) = preSolution
		RTEImplementation\RTEImplementation\RTEImplementation.projitems*{0835fa34-4e1c-4e65-95bc-624883f2f193}*SharedItemsImports = 4
		RTEImplementation\RTEImplementation\RTEImplementation.projitems*{19993609-d1e3-4765-9bd7-49e0630278b5}*SharedItemsImports = 4
		RTEImplementation\RTEImplementation\RTEImplementation.projitems*{2c736a5d-29b2-4db7-9553-f1fb48e98972}*SharedItemsImports = 4
		RichTextEditor.Shared\RichTextEditor.Shared.projitems*{9ff5fb32-dbe8-4031-9225-5170c05861d9}*SharedItemsImports = 4
		RichTextEditor.Shared\RichTextEditor.Shared.projitems*{a57098b1-4131-45f6-956f-2833ec5be061}*SharedItemsImports = 4
		RTEImplementation\RTEImplementation\RTEImplementation.projitems*{b5ed57e2-9e97-4df0-8f65-00c863cd127e}*SharedItemsImports = 13
		RichTextEditor.Shared\RichTextEditor.Shared.projitems*{ee8a3713-2ca6-434e-a8b4-4b01a9aefe27}*SharedItemsImports = 13
	EndGlobalSection
	GlobalSection(SolutionConfigurationPlatforms) = preSolution
		Ad-Hoc|Any CPU = Ad-Hoc|Any CPU
		Ad-Hoc|ARM = Ad-Hoc|ARM
		Ad-Hoc|iPhone = Ad-Hoc|iPhone
		Ad-Hoc|iPhoneSimulator = Ad-Hoc|iPhoneSimulator
		Ad-Hoc|x64 = Ad-Hoc|x64
		Ad-Hoc|x86 = Ad-Hoc|x86
		AppStore|Any CPU = AppStore|Any CPU
		AppStore|ARM = AppStore|ARM
		AppStore|iPhone = AppStore|iPhone
		AppStore|iPhoneSimulator = AppStore|iPhoneSimulator
		AppStore|x64 = AppStore|x64
		AppStore|x86 = AppStore|x86
		Debug|Any CPU = Debug|Any CPU
		Debug|ARM = Debug|ARM
		Debug|iPhone = Debug|iPhone
		Debug|iPhoneSimulator = Debug|iPhoneSimulator
		Debug|x64 = Debug|x64
		Debug|x86 = Debug|x86
		Release|Any CPU = Release|Any CPU
		Release|ARM = Release|ARM
		Release|iPhone = Release|iPhone
		Release|iPhoneSimulator = Release|iPhoneSimulator
		Release|x64 = Release|x64
		Release|x86 = Release|x86
	EndGlobalSection
	GlobalSection(ProjectConfigurationPlatforms) = postSolution
		{9FF5FB32-DBE8-4031-9225-5170C05861D9}.Ad-Hoc|Any CPU.ActiveCfg = Release|Any CPU
		{9FF5FB32-DBE8-4031-9225-5170C05861D9}.Ad-Hoc|Any CPU.Build.0 = Release|Any CPU
		{9FF5FB32-DBE8-4031-9225-5170C05861D9}.Ad-Hoc|ARM.ActiveCfg = Release|Any CPU
		{9FF5FB32-DBE8-4031-9225-5170C05861D9}.Ad-Hoc|ARM.Build.0 = Release|Any CPU
		{9FF5FB32-DBE8-4031-9225-5170C05861D9}.Ad-Hoc|iPhone.ActiveCfg = Release|Any CPU
		{9FF5FB32-DBE8-4031-9225-5170C05861D9}.Ad-Hoc|iPhone.Build.0 = Release|Any CPU
		{9FF5FB32-DBE8-4031-9225-5170C05861D9}.Ad-Hoc|iPhoneSimulator.ActiveCfg = Release|Any CPU
		{9FF5FB32-DBE8-4031-9225-5170C05861D9}.Ad-Hoc|iPhoneSimulator.Build.0 = Release|Any CPU
		{9FF5FB32-DBE8-4031-9225-5170C05861D9}.Ad-Hoc|x64.ActiveCfg = Release|Any CPU
		{9FF5FB32-DBE8-4031-9225-5170C05861D9}.Ad-Hoc|x64.Build.0 = Release|Any CPU
		{9FF5FB32-DBE8-4031-9225-5170C05861D9}.Ad-Hoc|x86.ActiveCfg = Release|Any CPU
		{9FF5FB32-DBE8-4031-9225-5170C05861D9}.Ad-Hoc|x86.Build.0 = Release|Any CPU
		{9FF5FB32-DBE8-4031-9225-5170C05861D9}.AppStore|Any CPU.ActiveCfg = Release|Any CPU
		{9FF5FB32-DBE8-4031-9225-5170C05861D9}.AppStore|Any CPU.Build.0 = Release|Any CPU
		{9FF5FB32-DBE8-4031-9225-5170C05861D9}.AppStore|ARM.ActiveCfg = Release|Any CPU
		{9FF5FB32-DBE8-4031-9225-5170C05861D9}.AppStore|ARM.Build.0 = Release|Any CPU
		{9FF5FB32-DBE8-4031-9225-5170C05861D9}.AppStore|iPhone.ActiveCfg = Release|Any CPU
		{9FF5FB32-DBE8-4031-9225-5170C05861D9}.AppStore|iPhone.Build.0 = Release|Any CPU
		{9FF5FB32-DBE8-4031-9225-5170C05861D9}.AppStore|iPhoneSimulator.ActiveCfg = Release|Any CPU
		{9FF5FB32-DBE8-4031-9225-5170C05861D9}.AppStore|iPhoneSimulator.Build.0 = Release|Any CPU
		{9FF5FB32-DBE8-4031-9225-5170C05861D9}.AppStore|x64.ActiveCfg = Release|Any CPU
		{9FF5FB32-DBE8-4031-9225-5170C05861D9}.AppStore|x64.Build.0 = Release|Any CPU
		{9FF5FB32-DBE8-4031-9225-5170C05861D9}.AppStore|x86.ActiveCfg = Release|Any CPU
		{9FF5FB32-DBE8-4031-9225-5170C05861D9}.AppStore|x86.Build.0 = Release|Any CPU
		{9FF5FB32-DBE8-4031-9225-5170C05861D9}.Debug|Any CPU.ActiveCfg = Debug|Any CPU
		{9FF5FB32-DBE8-4031-9225-5170C05861D9}.Debug|Any CPU.Build.0 = Debug|Any CPU
		{9FF5FB32-DBE8-4031-9225-5170C05861D9}.Debug|ARM.ActiveCfg = Debug|Any CPU
		{9FF5FB32-DBE8-4031-9225-5170C05861D9}.Debug|ARM.Build.0 = Debug|Any CPU
		{9FF5FB32-DBE8-4031-9225-5170C05861D9}.Debug|iPhone.ActiveCfg = Debug|Any CPU
		{9FF5FB32-DBE8-4031-9225-5170C05861D9}.Debug|iPhone.Build.0 = Debug|Any CPU
		{9FF5FB32-DBE8-4031-9225-5170C05861D9}.Debug|iPhoneSimulator.ActiveCfg = Debug|Any CPU
		{9FF5FB32-DBE8-4031-9225-5170C05861D9}.Debug|iPhoneSimulator.Build.0 = Debug|Any CPU
		{9FF5FB32-DBE8-4031-9225-5170C05861D9}.Debug|x64.ActiveCfg = Debug|Any CPU
		{9FF5FB32-DBE8-4031-9225-5170C05861D9}.Debug|x64.Build.0 = Debug|Any CPU
		{9FF5FB32-DBE8-4031-9225-5170C05861D9}.Debug|x86.ActiveCfg = Debug|Any CPU
		{9FF5FB32-DBE8-4031-9225-5170C05861D9}.Debug|x86.Build.0 = Debug|Any CPU
		{9FF5FB32-DBE8-4031-9225-5170C05861D9}.Release|Any CPU.ActiveCfg = Release|Any CPU
		{9FF5FB32-DBE8-4031-9225-5170C05861D9}.Release|Any CPU.Build.0 = Release|Any CPU
		{9FF5FB32-DBE8-4031-9225-5170C05861D9}.Release|ARM.ActiveCfg = Release|Any CPU
		{9FF5FB32-DBE8-4031-9225-5170C05861D9}.Release|ARM.Build.0 = Release|Any CPU
		{9FF5FB32-DBE8-4031-9225-5170C05861D9}.Release|iPhone.ActiveCfg = Release|Any CPU
		{9FF5FB32-DBE8-4031-9225-5170C05861D9}.Release|iPhone.Build.0 = Release|Any CPU
		{9FF5FB32-DBE8-4031-9225-5170C05861D9}.Release|iPhoneSimulator.ActiveCfg = Release|Any CPU
		{9FF5FB32-DBE8-4031-9225-5170C05861D9}.Release|iPhoneSimulator.Build.0 = Release|Any CPU
		{9FF5FB32-DBE8-4031-9225-5170C05861D9}.Release|x64.ActiveCfg = Release|Any CPU
		{9FF5FB32-DBE8-4031-9225-5170C05861D9}.Release|x64.Build.0 = Release|Any CPU
		{9FF5FB32-DBE8-4031-9225-5170C05861D9}.Release|x86.ActiveCfg = Release|Any CPU
		{9FF5FB32-DBE8-4031-9225-5170C05861D9}.Release|x86.Build.0 = Release|Any CPU
		{A57098B1-4131-45F6-956F-2833EC5BE061}.Ad-Hoc|Any CPU.ActiveCfg = Release|Any CPU
		{A57098B1-4131-45F6-956F-2833EC5BE061}.Ad-Hoc|Any CPU.Build.0 = Release|Any CPU
		{A57098B1-4131-45F6-956F-2833EC5BE061}.Ad-Hoc|ARM.ActiveCfg = Release|Any CPU
		{A57098B1-4131-45F6-956F-2833EC5BE061}.Ad-Hoc|ARM.Build.0 = Release|Any CPU
		{A57098B1-4131-45F6-956F-2833EC5BE061}.Ad-Hoc|iPhone.ActiveCfg = Release|Any CPU
		{A57098B1-4131-45F6-956F-2833EC5BE061}.Ad-Hoc|iPhone.Build.0 = Release|Any CPU
		{A57098B1-4131-45F6-956F-2833EC5BE061}.Ad-Hoc|iPhoneSimulator.ActiveCfg = Release|Any CPU
		{A57098B1-4131-45F6-956F-2833EC5BE061}.Ad-Hoc|iPhoneSimulator.Build.0 = Release|Any CPU
		{A57098B1-4131-45F6-956F-2833EC5BE061}.Ad-Hoc|x64.ActiveCfg = Release|Any CPU
		{A57098B1-4131-45F6-956F-2833EC5BE061}.Ad-Hoc|x64.Build.0 = Release|Any CPU
		{A57098B1-4131-45F6-956F-2833EC5BE061}.Ad-Hoc|x86.ActiveCfg = Release|Any CPU
		{A57098B1-4131-45F6-956F-2833EC5BE061}.Ad-Hoc|x86.Build.0 = Release|Any CPU
		{A57098B1-4131-45F6-956F-2833EC5BE061}.AppStore|Any CPU.ActiveCfg = Release|Any CPU
		{A57098B1-4131-45F6-956F-2833EC5BE061}.AppStore|Any CPU.Build.0 = Release|Any CPU
		{A57098B1-4131-45F6-956F-2833EC5BE061}.AppStore|ARM.ActiveCfg = Release|Any CPU
		{A57098B1-4131-45F6-956F-2833EC5BE061}.AppStore|ARM.Build.0 = Release|Any CPU
		{A57098B1-4131-45F6-956F-2833EC5BE061}.AppStore|iPhone.ActiveCfg = Release|Any CPU
		{A57098B1-4131-45F6-956F-2833EC5BE061}.AppStore|iPhone.Build.0 = Release|Any CPU
		{A57098B1-4131-45F6-956F-2833EC5BE061}.AppStore|iPhoneSimulator.ActiveCfg = Release|Any CPU
		{A57098B1-4131-45F6-956F-2833EC5BE061}.AppStore|iPhoneSimulator.Build.0 = Release|Any CPU
		{A57098B1-4131-45F6-956F-2833EC5BE061}.AppStore|x64.ActiveCfg = Release|Any CPU
		{A57098B1-4131-45F6-956F-2833EC5BE061}.AppStore|x64.Build.0 = Release|Any CPU
		{A57098B1-4131-45F6-956F-2833EC5BE061}.AppStore|x86.ActiveCfg = Release|Any CPU
		{A57098B1-4131-45F6-956F-2833EC5BE061}.AppStore|x86.Build.0 = Release|Any CPU
		{A57098B1-4131-45F6-956F-2833EC5BE061}.Debug|Any CPU.ActiveCfg = Debug|Any CPU
		{A57098B1-4131-45F6-956F-2833EC5BE061}.Debug|Any CPU.Build.0 = Debug|Any CPU
		{A57098B1-4131-45F6-956F-2833EC5BE061}.Debug|ARM.ActiveCfg = Debug|Any CPU
		{A57098B1-4131-45F6-956F-2833EC5BE061}.Debug|ARM.Build.0 = Debug|Any CPU
		{A57098B1-4131-45F6-956F-2833EC5BE061}.Debug|iPhone.ActiveCfg = Debug|Any CPU
		{A57098B1-4131-45F6-956F-2833EC5BE061}.Debug|iPhone.Build.0 = Debug|Any CPU
		{A57098B1-4131-45F6-956F-2833EC5BE061}.Debug|iPhoneSimulator.ActiveCfg = Debug|Any CPU
		{A57098B1-4131-45F6-956F-2833EC5BE061}.Debug|iPhoneSimulator.Build.0 = Debug|Any CPU
		{A57098B1-4131-45F6-956F-2833EC5BE061}.Debug|x64.ActiveCfg = Debug|Any CPU
		{A57098B1-4131-45F6-956F-2833EC5BE061}.Debug|x64.Build.0 = Debug|Any CPU
		{A57098B1-4131-45F6-956F-2833EC5BE061}.Debug|x86.ActiveCfg = Debug|Any CPU
		{A57098B1-4131-45F6-956F-2833EC5BE061}.Debug|x86.Build.0 = Debug|Any CPU
		{A57098B1-4131-45F6-956F-2833EC5BE061}.Release|Any CPU.ActiveCfg = Release|Any CPU
		{A57098B1-4131-45F6-956F-2833EC5BE061}.Release|Any CPU.Build.0 = Release|Any CPU
		{A57098B1-4131-45F6-956F-2833EC5BE061}.Release|ARM.ActiveCfg = Release|Any CPU
		{A57098B1-4131-45F6-956F-2833EC5BE061}.Release|ARM.Build.0 = Release|Any CPU
		{A57098B1-4131-45F6-956F-2833EC5BE061}.Release|iPhone.ActiveCfg = Release|Any CPU
		{A57098B1-4131-45F6-956F-2833EC5BE061}.Release|iPhone.Build.0 = Release|Any CPU
		{A57098B1-4131-45F6-956F-2833EC5BE061}.Release|iPhoneSimulator.ActiveCfg = Release|Any CPU
		{A57098B1-4131-45F6-956F-2833EC5BE061}.Release|iPhoneSimulator.Build.0 = Release|Any CPU
		{A57098B1-4131-45F6-956F-2833EC5BE061}.Release|x64.ActiveCfg = Release|Any CPU
		{A57098B1-4131-45F6-956F-2833EC5BE061}.Release|x64.Build.0 = Release|Any CPU
		{A57098B1-4131-45F6-956F-2833EC5BE061}.Release|x86.ActiveCfg = Release|Any CPU
		{A57098B1-4131-45F6-956F-2833EC5BE061}.Release|x86.Build.0 = Release|Any CPU
		{5DF2D479-3D52-4E3D-AE26-20714C79C766}.Ad-Hoc|Any CPU.ActiveCfg = Release|iPhoneSimulator
		{5DF2D479-3D52-4E3D-AE26-20714C79C766}.Ad-Hoc|Any CPU.Build.0 = Release|iPhoneSimulator
		{5DF2D479-3D52-4E3D-AE26-20714C79C766}.Ad-Hoc|ARM.ActiveCfg = Release|iPhoneSimulator
		{5DF2D479-3D52-4E3D-AE26-20714C79C766}.Ad-Hoc|ARM.Build.0 = Release|iPhoneSimulator
		{5DF2D479-3D52-4E3D-AE26-20714C79C766}.Ad-Hoc|iPhone.ActiveCfg = Release|iPhone
		{5DF2D479-3D52-4E3D-AE26-20714C79C766}.Ad-Hoc|iPhone.Build.0 = Release|iPhone
		{5DF2D479-3D52-4E3D-AE26-20714C79C766}.Ad-Hoc|iPhoneSimulator.ActiveCfg = Release|iPhoneSimulator
		{5DF2D479-3D52-4E3D-AE26-20714C79C766}.Ad-Hoc|iPhoneSimulator.Build.0 = Release|iPhoneSimulator
		{5DF2D479-3D52-4E3D-AE26-20714C79C766}.Ad-Hoc|x64.ActiveCfg = Release|iPhoneSimulator
		{5DF2D479-3D52-4E3D-AE26-20714C79C766}.Ad-Hoc|x64.Build.0 = Release|iPhoneSimulator
		{5DF2D479-3D52-4E3D-AE26-20714C79C766}.Ad-Hoc|x86.ActiveCfg = Release|iPhoneSimulator
		{5DF2D479-3D52-4E3D-AE26-20714C79C766}.Ad-Hoc|x86.Build.0 = Release|iPhoneSimulator
		{5DF2D479-3D52-4E3D-AE26-20714C79C766}.AppStore|Any CPU.ActiveCfg = Release|iPhoneSimulator
		{5DF2D479-3D52-4E3D-AE26-20714C79C766}.AppStore|Any CPU.Build.0 = Release|iPhoneSimulator
		{5DF2D479-3D52-4E3D-AE26-20714C79C766}.AppStore|ARM.ActiveCfg = Release|iPhoneSimulator
		{5DF2D479-3D52-4E3D-AE26-20714C79C766}.AppStore|ARM.Build.0 = Release|iPhoneSimulator
		{5DF2D479-3D52-4E3D-AE26-20714C79C766}.AppStore|iPhone.ActiveCfg = Release|iPhone
		{5DF2D479-3D52-4E3D-AE26-20714C79C766}.AppStore|iPhone.Build.0 = Release|iPhone
		{5DF2D479-3D52-4E3D-AE26-20714C79C766}.AppStore|iPhoneSimulator.ActiveCfg = Release|iPhoneSimulator
		{5DF2D479-3D52-4E3D-AE26-20714C79C766}.AppStore|iPhoneSimulator.Build.0 = Release|iPhoneSimulator
		{5DF2D479-3D52-4E3D-AE26-20714C79C766}.AppStore|x64.ActiveCfg = Release|iPhoneSimulator
		{5DF2D479-3D52-4E3D-AE26-20714C79C766}.AppStore|x64.Build.0 = Release|iPhoneSimulator
		{5DF2D479-3D52-4E3D-AE26-20714C79C766}.AppStore|x86.ActiveCfg = Release|iPhoneSimulator
		{5DF2D479-3D52-4E3D-AE26-20714C79C766}.AppStore|x86.Build.0 = Release|iPhoneSimulator
		{5DF2D479-3D52-4E3D-AE26-20714C79C766}.Debug|Any CPU.ActiveCfg = Debug|iPhoneSimulator
		{5DF2D479-3D52-4E3D-AE26-20714C79C766}.Debug|Any CPU.Build.0 = Debug|iPhoneSimulator
		{5DF2D479-3D52-4E3D-AE26-20714C79C766}.Debug|ARM.ActiveCfg = Debug|iPhone
		{5DF2D479-3D52-4E3D-AE26-20714C79C766}.Debug|iPhone.ActiveCfg = Debug|iPhone
		{5DF2D479-3D52-4E3D-AE26-20714C79C766}.Debug|iPhone.Build.0 = Debug|iPhone
		{5DF2D479-3D52-4E3D-AE26-20714C79C766}.Debug|iPhoneSimulator.ActiveCfg = Debug|iPhoneSimulator
		{5DF2D479-3D52-4E3D-AE26-20714C79C766}.Debug|iPhoneSimulator.Build.0 = Debug|iPhoneSimulator
		{5DF2D479-3D52-4E3D-AE26-20714C79C766}.Debug|x64.ActiveCfg = Debug|iPhone
		{5DF2D479-3D52-4E3D-AE26-20714C79C766}.Debug|x86.ActiveCfg = Debug|iPhone
		{5DF2D479-3D52-4E3D-AE26-20714C79C766}.Release|Any CPU.ActiveCfg = Release|iPhoneSimulator
		{5DF2D479-3D52-4E3D-AE26-20714C79C766}.Release|Any CPU.Build.0 = Release|iPhoneSimulator
		{5DF2D479-3D52-4E3D-AE26-20714C79C766}.Release|ARM.ActiveCfg = Release|iPhoneSimulator
		{5DF2D479-3D52-4E3D-AE26-20714C79C766}.Release|iPhone.ActiveCfg = Release|iPhone
		{5DF2D479-3D52-4E3D-AE26-20714C79C766}.Release|iPhone.Build.0 = Release|iPhone
		{5DF2D479-3D52-4E3D-AE26-20714C79C766}.Release|iPhoneSimulator.ActiveCfg = Release|iPhoneSimulator
		{5DF2D479-3D52-4E3D-AE26-20714C79C766}.Release|iPhoneSimulator.Build.0 = Release|iPhoneSimulator
		{5DF2D479-3D52-4E3D-AE26-20714C79C766}.Release|x64.ActiveCfg = Release|iPhoneSimulator
		{5DF2D479-3D52-4E3D-AE26-20714C79C766}.Release|x86.ActiveCfg = Release|iPhoneSimulator
		{B87A7BB9-6818-48D3-A36D-96B7F4BFA814}.Ad-Hoc|Any CPU.ActiveCfg = Release|Any CPU
		{B87A7BB9-6818-48D3-A36D-96B7F4BFA814}.Ad-Hoc|Any CPU.Build.0 = Release|Any CPU
		{B87A7BB9-6818-48D3-A36D-96B7F4BFA814}.Ad-Hoc|Any CPU.Deploy.0 = Release|Any CPU
		{B87A7BB9-6818-48D3-A36D-96B7F4BFA814}.Ad-Hoc|ARM.ActiveCfg = Release|Any CPU
		{B87A7BB9-6818-48D3-A36D-96B7F4BFA814}.Ad-Hoc|ARM.Build.0 = Release|Any CPU
		{B87A7BB9-6818-48D3-A36D-96B7F4BFA814}.Ad-Hoc|ARM.Deploy.0 = Release|Any CPU
		{B87A7BB9-6818-48D3-A36D-96B7F4BFA814}.Ad-Hoc|iPhone.ActiveCfg = Release|Any CPU
		{B87A7BB9-6818-48D3-A36D-96B7F4BFA814}.Ad-Hoc|iPhone.Build.0 = Release|Any CPU
		{B87A7BB9-6818-48D3-A36D-96B7F4BFA814}.Ad-Hoc|iPhone.Deploy.0 = Release|Any CPU
		{B87A7BB9-6818-48D3-A36D-96B7F4BFA814}.Ad-Hoc|iPhoneSimulator.ActiveCfg = Release|Any CPU
		{B87A7BB9-6818-48D3-A36D-96B7F4BFA814}.Ad-Hoc|iPhoneSimulator.Build.0 = Release|Any CPU
		{B87A7BB9-6818-48D3-A36D-96B7F4BFA814}.Ad-Hoc|iPhoneSimulator.Deploy.0 = Release|Any CPU
		{B87A7BB9-6818-48D3-A36D-96B7F4BFA814}.Ad-Hoc|x64.ActiveCfg = Release|Any CPU
		{B87A7BB9-6818-48D3-A36D-96B7F4BFA814}.Ad-Hoc|x64.Build.0 = Release|Any CPU
		{B87A7BB9-6818-48D3-A36D-96B7F4BFA814}.Ad-Hoc|x64.Deploy.0 = Release|Any CPU
		{B87A7BB9-6818-48D3-A36D-96B7F4BFA814}.Ad-Hoc|x86.ActiveCfg = Release|Any CPU
		{B87A7BB9-6818-48D3-A36D-96B7F4BFA814}.Ad-Hoc|x86.Build.0 = Release|Any CPU
		{B87A7BB9-6818-48D3-A36D-96B7F4BFA814}.Ad-Hoc|x86.Deploy.0 = Release|Any CPU
		{B87A7BB9-6818-48D3-A36D-96B7F4BFA814}.AppStore|Any CPU.ActiveCfg = Release|Any CPU
		{B87A7BB9-6818-48D3-A36D-96B7F4BFA814}.AppStore|Any CPU.Build.0 = Release|Any CPU
		{B87A7BB9-6818-48D3-A36D-96B7F4BFA814}.AppStore|Any CPU.Deploy.0 = Release|Any CPU
		{B87A7BB9-6818-48D3-A36D-96B7F4BFA814}.AppStore|ARM.ActiveCfg = Release|Any CPU
		{B87A7BB9-6818-48D3-A36D-96B7F4BFA814}.AppStore|ARM.Build.0 = Release|Any CPU
		{B87A7BB9-6818-48D3-A36D-96B7F4BFA814}.AppStore|ARM.Deploy.0 = Release|Any CPU
		{B87A7BB9-6818-48D3-A36D-96B7F4BFA814}.AppStore|iPhone.ActiveCfg = Release|Any CPU
		{B87A7BB9-6818-48D3-A36D-96B7F4BFA814}.AppStore|iPhone.Build.0 = Release|Any CPU
		{B87A7BB9-6818-48D3-A36D-96B7F4BFA814}.AppStore|iPhone.Deploy.0 = Release|Any CPU
		{B87A7BB9-6818-48D3-A36D-96B7F4BFA814}.AppStore|iPhoneSimulator.ActiveCfg = Release|Any CPU
		{B87A7BB9-6818-48D3-A36D-96B7F4BFA814}.AppStore|iPhoneSimulator.Build.0 = Release|Any CPU
		{B87A7BB9-6818-48D3-A36D-96B7F4BFA814}.AppStore|iPhoneSimulator.Deploy.0 = Release|Any CPU
		{B87A7BB9-6818-48D3-A36D-96B7F4BFA814}.AppStore|x64.ActiveCfg = Release|Any CPU
		{B87A7BB9-6818-48D3-A36D-96B7F4BFA814}.AppStore|x64.Build.0 = Release|Any CPU
		{B87A7BB9-6818-48D3-A36D-96B7F4BFA814}.AppStore|x64.Deploy.0 = Release|Any CPU
		{B87A7BB9-6818-48D3-A36D-96B7F4BFA814}.AppStore|x86.ActiveCfg = Release|Any CPU
		{B87A7BB9-6818-48D3-A36D-96B7F4BFA814}.AppStore|x86.Build.0 = Release|Any CPU
		{B87A7BB9-6818-48D3-A36D-96B7F4BFA814}.AppStore|x86.Deploy.0 = Release|Any CPU
		{B87A7BB9-6818-48D3-A36D-96B7F4BFA814}.Debug|Any CPU.ActiveCfg = Debug|Any CPU
		{B87A7BB9-6818-48D3-A36D-96B7F4BFA814}.Debug|Any CPU.Build.0 = Debug|Any CPU
		{B87A7BB9-6818-48D3-A36D-96B7F4BFA814}.Debug|Any CPU.Deploy.0 = Debug|Any CPU
		{B87A7BB9-6818-48D3-A36D-96B7F4BFA814}.Debug|ARM.ActiveCfg = Debug|Any CPU
		{B87A7BB9-6818-48D3-A36D-96B7F4BFA814}.Debug|ARM.Build.0 = Debug|Any CPU
		{B87A7BB9-6818-48D3-A36D-96B7F4BFA814}.Debug|ARM.Deploy.0 = Debug|Any CPU
		{B87A7BB9-6818-48D3-A36D-96B7F4BFA814}.Debug|iPhone.ActiveCfg = Debug|Any CPU
		{B87A7BB9-6818-48D3-A36D-96B7F4BFA814}.Debug|iPhone.Build.0 = Debug|Any CPU
		{B87A7BB9-6818-48D3-A36D-96B7F4BFA814}.Debug|iPhoneSimulator.ActiveCfg = Debug|Any CPU
		{B87A7BB9-6818-48D3-A36D-96B7F4BFA814}.Debug|iPhoneSimulator.Build.0 = Debug|Any CPU
		{B87A7BB9-6818-48D3-A36D-96B7F4BFA814}.Debug|x64.ActiveCfg = Debug|Any CPU
		{B87A7BB9-6818-48D3-A36D-96B7F4BFA814}.Debug|x64.Build.0 = Debug|Any CPU
		{B87A7BB9-6818-48D3-A36D-96B7F4BFA814}.Debug|x64.Deploy.0 = Debug|Any CPU
		{B87A7BB9-6818-48D3-A36D-96B7F4BFA814}.Debug|x86.ActiveCfg = Debug|Any CPU
		{B87A7BB9-6818-48D3-A36D-96B7F4BFA814}.Debug|x86.Build.0 = Debug|Any CPU
		{B87A7BB9-6818-48D3-A36D-96B7F4BFA814}.Debug|x86.Deploy.0 = Debug|Any CPU
		{B87A7BB9-6818-48D3-A36D-96B7F4BFA814}.Release|Any CPU.ActiveCfg = Release|Any CPU
		{B87A7BB9-6818-48D3-A36D-96B7F4BFA814}.Release|Any CPU.Build.0 = Release|Any CPU
		{B87A7BB9-6818-48D3-A36D-96B7F4BFA814}.Release|ARM.ActiveCfg = Release|Any CPU
		{B87A7BB9-6818-48D3-A36D-96B7F4BFA814}.Release|ARM.Build.0 = Release|Any CPU
		{B87A7BB9-6818-48D3-A36D-96B7F4BFA814}.Release|ARM.Deploy.0 = Release|Any CPU
		{B87A7BB9-6818-48D3-A36D-96B7F4BFA814}.Release|iPhone.ActiveCfg = Release|Any CPU
		{B87A7BB9-6818-48D3-A36D-96B7F4BFA814}.Release|iPhone.Build.0 = Release|Any CPU
		{B87A7BB9-6818-48D3-A36D-96B7F4BFA814}.Release|iPhoneSimulator.ActiveCfg = Release|Any CPU
		{B87A7BB9-6818-48D3-A36D-96B7F4BFA814}.Release|iPhoneSimulator.Build.0 = Release|Any CPU
		{B87A7BB9-6818-48D3-A36D-96B7F4BFA814}.Release|x64.ActiveCfg = Release|Any CPU
		{B87A7BB9-6818-48D3-A36D-96B7F4BFA814}.Release|x64.Build.0 = Release|Any CPU
		{B87A7BB9-6818-48D3-A36D-96B7F4BFA814}.Release|x64.Deploy.0 = Release|Any CPU
		{B87A7BB9-6818-48D3-A36D-96B7F4BFA814}.Release|x86.ActiveCfg = Release|Any CPU
		{B87A7BB9-6818-48D3-A36D-96B7F4BFA814}.Release|x86.Build.0 = Release|Any CPU
		{B87A7BB9-6818-48D3-A36D-96B7F4BFA814}.Release|x86.Deploy.0 = Release|Any CPU
		{0835FA34-4E1C-4E65-95BC-624883F2F193}.Ad-Hoc|Any CPU.ActiveCfg = Release|Any CPU
		{0835FA34-4E1C-4E65-95BC-624883F2F193}.Ad-Hoc|Any CPU.Build.0 = Release|Any CPU
		{0835FA34-4E1C-4E65-95BC-624883F2F193}.Ad-Hoc|Any CPU.Deploy.0 = Release|Any CPU
		{0835FA34-4E1C-4E65-95BC-624883F2F193}.Ad-Hoc|ARM.ActiveCfg = Release|Any CPU
		{0835FA34-4E1C-4E65-95BC-624883F2F193}.Ad-Hoc|ARM.Build.0 = Release|Any CPU
		{0835FA34-4E1C-4E65-95BC-624883F2F193}.Ad-Hoc|ARM.Deploy.0 = Release|Any CPU
		{0835FA34-4E1C-4E65-95BC-624883F2F193}.Ad-Hoc|iPhone.ActiveCfg = Release|Any CPU
		{0835FA34-4E1C-4E65-95BC-624883F2F193}.Ad-Hoc|iPhone.Build.0 = Release|Any CPU
		{0835FA34-4E1C-4E65-95BC-624883F2F193}.Ad-Hoc|iPhone.Deploy.0 = Release|Any CPU
		{0835FA34-4E1C-4E65-95BC-624883F2F193}.Ad-Hoc|iPhoneSimulator.ActiveCfg = Release|Any CPU
		{0835FA34-4E1C-4E65-95BC-624883F2F193}.Ad-Hoc|iPhoneSimulator.Build.0 = Release|Any CPU
		{0835FA34-4E1C-4E65-95BC-624883F2F193}.Ad-Hoc|iPhoneSimulator.Deploy.0 = Release|Any CPU
		{0835FA34-4E1C-4E65-95BC-624883F2F193}.Ad-Hoc|x64.ActiveCfg = Release|Any CPU
		{0835FA34-4E1C-4E65-95BC-624883F2F193}.Ad-Hoc|x64.Build.0 = Release|Any CPU
		{0835FA34-4E1C-4E65-95BC-624883F2F193}.Ad-Hoc|x64.Deploy.0 = Release|Any CPU
		{0835FA34-4E1C-4E65-95BC-624883F2F193}.Ad-Hoc|x86.ActiveCfg = Release|Any CPU
		{0835FA34-4E1C-4E65-95BC-624883F2F193}.Ad-Hoc|x86.Build.0 = Release|Any CPU
		{0835FA34-4E1C-4E65-95BC-624883F2F193}.Ad-Hoc|x86.Deploy.0 = Release|Any CPU
		{0835FA34-4E1C-4E65-95BC-624883F2F193}.AppStore|Any CPU.ActiveCfg = Release|Any CPU
		{0835FA34-4E1C-4E65-95BC-624883F2F193}.AppStore|Any CPU.Build.0 = Release|Any CPU
		{0835FA34-4E1C-4E65-95BC-624883F2F193}.AppStore|Any CPU.Deploy.0 = Release|Any CPU
		{0835FA34-4E1C-4E65-95BC-624883F2F193}.AppStore|ARM.ActiveCfg = Release|Any CPU
		{0835FA34-4E1C-4E65-95BC-624883F2F193}.AppStore|ARM.Build.0 = Release|Any CPU
		{0835FA34-4E1C-4E65-95BC-624883F2F193}.AppStore|ARM.Deploy.0 = Release|Any CPU
		{0835FA34-4E1C-4E65-95BC-624883F2F193}.AppStore|iPhone.ActiveCfg = Release|Any CPU
		{0835FA34-4E1C-4E65-95BC-624883F2F193}.AppStore|iPhone.Build.0 = Release|Any CPU
		{0835FA34-4E1C-4E65-95BC-624883F2F193}.AppStore|iPhone.Deploy.0 = Release|Any CPU
		{0835FA34-4E1C-4E65-95BC-624883F2F193}.AppStore|iPhoneSimulator.ActiveCfg = Release|Any CPU
		{0835FA34-4E1C-4E65-95BC-624883F2F193}.AppStore|iPhoneSimulator.Build.0 = Release|Any CPU
		{0835FA34-4E1C-4E65-95BC-624883F2F193}.AppStore|iPhoneSimulator.Deploy.0 = Release|Any CPU
		{0835FA34-4E1C-4E65-95BC-624883F2F193}.AppStore|x64.ActiveCfg = Release|Any CPU
		{0835FA34-4E1C-4E65-95BC-624883F2F193}.AppStore|x64.Build.0 = Release|Any CPU
		{0835FA34-4E1C-4E65-95BC-624883F2F193}.AppStore|x64.Deploy.0 = Release|Any CPU
		{0835FA34-4E1C-4E65-95BC-624883F2F193}.AppStore|x86.ActiveCfg = Release|Any CPU
		{0835FA34-4E1C-4E65-95BC-624883F2F193}.AppStore|x86.Build.0 = Release|Any CPU
		{0835FA34-4E1C-4E65-95BC-624883F2F193}.AppStore|x86.Deploy.0 = Release|Any CPU
		{0835FA34-4E1C-4E65-95BC-624883F2F193}.Debug|Any CPU.ActiveCfg = Debug|Any CPU
		{0835FA34-4E1C-4E65-95BC-624883F2F193}.Debug|Any CPU.Build.0 = Debug|Any CPU
		{0835FA34-4E1C-4E65-95BC-624883F2F193}.Debug|Any CPU.Deploy.0 = Debug|Any CPU
		{0835FA34-4E1C-4E65-95BC-624883F2F193}.Debug|ARM.ActiveCfg = Debug|Any CPU
		{0835FA34-4E1C-4E65-95BC-624883F2F193}.Debug|ARM.Build.0 = Debug|Any CPU
		{0835FA34-4E1C-4E65-95BC-624883F2F193}.Debug|ARM.Deploy.0 = Debug|Any CPU
		{0835FA34-4E1C-4E65-95BC-624883F2F193}.Debug|iPhone.ActiveCfg = Debug|Any CPU
		{0835FA34-4E1C-4E65-95BC-624883F2F193}.Debug|iPhone.Build.0 = Debug|Any CPU
		{0835FA34-4E1C-4E65-95BC-624883F2F193}.Debug|iPhone.Deploy.0 = Debug|Any CPU
		{0835FA34-4E1C-4E65-95BC-624883F2F193}.Debug|iPhoneSimulator.ActiveCfg = Debug|Any CPU
		{0835FA34-4E1C-4E65-95BC-624883F2F193}.Debug|iPhoneSimulator.Build.0 = Debug|Any CPU
		{0835FA34-4E1C-4E65-95BC-624883F2F193}.Debug|iPhoneSimulator.Deploy.0 = Debug|Any CPU
		{0835FA34-4E1C-4E65-95BC-624883F2F193}.Debug|x64.ActiveCfg = Debug|Any CPU
		{0835FA34-4E1C-4E65-95BC-624883F2F193}.Debug|x64.Build.0 = Debug|Any CPU
		{0835FA34-4E1C-4E65-95BC-624883F2F193}.Debug|x64.Deploy.0 = Debug|Any CPU
		{0835FA34-4E1C-4E65-95BC-624883F2F193}.Debug|x86.ActiveCfg = Debug|Any CPU
		{0835FA34-4E1C-4E65-95BC-624883F2F193}.Debug|x86.Build.0 = Debug|Any CPU
		{0835FA34-4E1C-4E65-95BC-624883F2F193}.Debug|x86.Deploy.0 = Debug|Any CPU
		{0835FA34-4E1C-4E65-95BC-624883F2F193}.Release|Any CPU.ActiveCfg = Release|Any CPU
		{0835FA34-4E1C-4E65-95BC-624883F2F193}.Release|Any CPU.Build.0 = Release|Any CPU
		{0835FA34-4E1C-4E65-95BC-624883F2F193}.Release|Any CPU.Deploy.0 = Release|Any CPU
		{0835FA34-4E1C-4E65-95BC-624883F2F193}.Release|ARM.ActiveCfg = Release|Any CPU
		{0835FA34-4E1C-4E65-95BC-624883F2F193}.Release|ARM.Build.0 = Release|Any CPU
		{0835FA34-4E1C-4E65-95BC-624883F2F193}.Release|ARM.Deploy.0 = Release|Any CPU
		{0835FA34-4E1C-4E65-95BC-624883F2F193}.Release|iPhone.ActiveCfg = Release|Any CPU
		{0835FA34-4E1C-4E65-95BC-624883F2F193}.Release|iPhone.Build.0 = Release|Any CPU
		{0835FA34-4E1C-4E65-95BC-624883F2F193}.Release|iPhone.Deploy.0 = Release|Any CPU
		{0835FA34-4E1C-4E65-95BC-624883F2F193}.Release|iPhoneSimulator.ActiveCfg = Release|Any CPU
		{0835FA34-4E1C-4E65-95BC-624883F2F193}.Release|iPhoneSimulator.Build.0 = Release|Any CPU
		{0835FA34-4E1C-4E65-95BC-624883F2F193}.Release|iPhoneSimulator.Deploy.0 = Release|Any CPU
		{0835FA34-4E1C-4E65-95BC-624883F2F193}.Release|x64.ActiveCfg = Release|Any CPU
		{0835FA34-4E1C-4E65-95BC-624883F2F193}.Release|x64.Build.0 = Release|Any CPU
		{0835FA34-4E1C-4E65-95BC-624883F2F193}.Release|x64.Deploy.0 = Release|Any CPU
		{0835FA34-4E1C-4E65-95BC-624883F2F193}.Release|x86.ActiveCfg = Release|Any CPU
		{0835FA34-4E1C-4E65-95BC-624883F2F193}.Release|x86.Build.0 = Release|Any CPU
		{0835FA34-4E1C-4E65-95BC-624883F2F193}.Release|x86.Deploy.0 = Release|Any CPU
		{19993609-D1E3-4765-9BD7-49E0630278B5}.Ad-Hoc|Any CPU.ActiveCfg = Ad-Hoc|iPhoneSimulator
		{19993609-D1E3-4765-9BD7-49E0630278B5}.Ad-Hoc|ARM.ActiveCfg = Ad-Hoc|iPhone
		{19993609-D1E3-4765-9BD7-49E0630278B5}.Ad-Hoc|iPhone.ActiveCfg = Ad-Hoc|iPhone
		{19993609-D1E3-4765-9BD7-49E0630278B5}.Ad-Hoc|iPhone.Build.0 = Ad-Hoc|iPhone
		{19993609-D1E3-4765-9BD7-49E0630278B5}.Ad-Hoc|iPhoneSimulator.ActiveCfg = Ad-Hoc|iPhoneSimulator
		{19993609-D1E3-4765-9BD7-49E0630278B5}.Ad-Hoc|iPhoneSimulator.Build.0 = Ad-Hoc|iPhoneSimulator
		{19993609-D1E3-4765-9BD7-49E0630278B5}.Ad-Hoc|x64.ActiveCfg = Ad-Hoc|iPhone
		{19993609-D1E3-4765-9BD7-49E0630278B5}.Ad-Hoc|x86.ActiveCfg = Ad-Hoc|iPhone
		{19993609-D1E3-4765-9BD7-49E0630278B5}.AppStore|Any CPU.ActiveCfg = AppStore|iPhoneSimulator
		{19993609-D1E3-4765-9BD7-49E0630278B5}.AppStore|ARM.ActiveCfg = AppStore|iPhone
		{19993609-D1E3-4765-9BD7-49E0630278B5}.AppStore|iPhone.ActiveCfg = AppStore|iPhone
		{19993609-D1E3-4765-9BD7-49E0630278B5}.AppStore|iPhone.Build.0 = AppStore|iPhone
		{19993609-D1E3-4765-9BD7-49E0630278B5}.AppStore|iPhoneSimulator.ActiveCfg = AppStore|iPhoneSimulator
		{19993609-D1E3-4765-9BD7-49E0630278B5}.AppStore|iPhoneSimulator.Build.0 = AppStore|iPhoneSimulator
		{19993609-D1E3-4765-9BD7-49E0630278B5}.AppStore|x64.ActiveCfg = AppStore|iPhone
		{19993609-D1E3-4765-9BD7-49E0630278B5}.AppStore|x86.ActiveCfg = AppStore|iPhone
		{19993609-D1E3-4765-9BD7-49E0630278B5}.Debug|Any CPU.ActiveCfg = Debug|iPhoneSimulator
		{19993609-D1E3-4765-9BD7-49E0630278B5}.Debug|ARM.ActiveCfg = Debug|iPhone
		{19993609-D1E3-4765-9BD7-49E0630278B5}.Debug|iPhone.ActiveCfg = Debug|iPhone
		{19993609-D1E3-4765-9BD7-49E0630278B5}.Debug|iPhone.Build.0 = Debug|iPhone
		{19993609-D1E3-4765-9BD7-49E0630278B5}.Debug|iPhoneSimulator.ActiveCfg = Debug|iPhoneSimulator
		{19993609-D1E3-4765-9BD7-49E0630278B5}.Debug|iPhoneSimulator.Build.0 = Debug|iPhoneSimulator
		{19993609-D1E3-4765-9BD7-49E0630278B5}.Debug|x64.ActiveCfg = Debug|iPhone
		{19993609-D1E3-4765-9BD7-49E0630278B5}.Debug|x86.ActiveCfg = Debug|iPhone
		{19993609-D1E3-4765-9BD7-49E0630278B5}.Release|Any CPU.ActiveCfg = Release|iPhone
		{19993609-D1E3-4765-9BD7-49E0630278B5}.Release|ARM.ActiveCfg = Release|iPhone
		{19993609-D1E3-4765-9BD7-49E0630278B5}.Release|iPhone.ActiveCfg = Release|iPhone
		{19993609-D1E3-4765-9BD7-49E0630278B5}.Release|iPhone.Build.0 = Release|iPhone
		{19993609-D1E3-4765-9BD7-49E0630278B5}.Release|iPhoneSimulator.ActiveCfg = Release|iPhoneSimulator
		{19993609-D1E3-4765-9BD7-49E0630278B5}.Release|iPhoneSimulator.Build.0 = Release|iPhoneSimulator
		{19993609-D1E3-4765-9BD7-49E0630278B5}.Release|x64.ActiveCfg = Release|iPhone
		{19993609-D1E3-4765-9BD7-49E0630278B5}.Release|x86.ActiveCfg = Release|iPhone
		{2C736A5D-29B2-4DB7-9553-F1FB48E98972}.Ad-Hoc|Any CPU.ActiveCfg = Release|x86
		{2C736A5D-29B2-4DB7-9553-F1FB48E98972}.Ad-Hoc|Any CPU.Build.0 = Release|x86
		{2C736A5D-29B2-4DB7-9553-F1FB48E98972}.Ad-Hoc|Any CPU.Deploy.0 = Release|x86
		{2C736A5D-29B2-4DB7-9553-F1FB48E98972}.Ad-Hoc|ARM.ActiveCfg = Release|ARM
		{2C736A5D-29B2-4DB7-9553-F1FB48E98972}.Ad-Hoc|ARM.Build.0 = Release|ARM
		{2C736A5D-29B2-4DB7-9553-F1FB48E98972}.Ad-Hoc|ARM.Deploy.0 = Release|ARM
		{2C736A5D-29B2-4DB7-9553-F1FB48E98972}.Ad-Hoc|iPhone.ActiveCfg = Release|x86
		{2C736A5D-29B2-4DB7-9553-F1FB48E98972}.Ad-Hoc|iPhone.Build.0 = Release|x86
		{2C736A5D-29B2-4DB7-9553-F1FB48E98972}.Ad-Hoc|iPhone.Deploy.0 = Release|x86
		{2C736A5D-29B2-4DB7-9553-F1FB48E98972}.Ad-Hoc|iPhoneSimulator.ActiveCfg = Release|x86
		{2C736A5D-29B2-4DB7-9553-F1FB48E98972}.Ad-Hoc|iPhoneSimulator.Build.0 = Release|x86
		{2C736A5D-29B2-4DB7-9553-F1FB48E98972}.Ad-Hoc|iPhoneSimulator.Deploy.0 = Release|x86
		{2C736A5D-29B2-4DB7-9553-F1FB48E98972}.Ad-Hoc|x64.ActiveCfg = Release|x64
		{2C736A5D-29B2-4DB7-9553-F1FB48E98972}.Ad-Hoc|x64.Build.0 = Release|x64
		{2C736A5D-29B2-4DB7-9553-F1FB48E98972}.Ad-Hoc|x64.Deploy.0 = Release|x64
		{2C736A5D-29B2-4DB7-9553-F1FB48E98972}.Ad-Hoc|x86.ActiveCfg = Release|x86
		{2C736A5D-29B2-4DB7-9553-F1FB48E98972}.Ad-Hoc|x86.Build.0 = Release|x86
		{2C736A5D-29B2-4DB7-9553-F1FB48E98972}.Ad-Hoc|x86.Deploy.0 = Release|x86
		{2C736A5D-29B2-4DB7-9553-F1FB48E98972}.AppStore|Any CPU.ActiveCfg = Release|x86
		{2C736A5D-29B2-4DB7-9553-F1FB48E98972}.AppStore|Any CPU.Build.0 = Release|x86
		{2C736A5D-29B2-4DB7-9553-F1FB48E98972}.AppStore|Any CPU.Deploy.0 = Release|x86
		{2C736A5D-29B2-4DB7-9553-F1FB48E98972}.AppStore|ARM.ActiveCfg = Release|ARM
		{2C736A5D-29B2-4DB7-9553-F1FB48E98972}.AppStore|ARM.Build.0 = Release|ARM
		{2C736A5D-29B2-4DB7-9553-F1FB48E98972}.AppStore|ARM.Deploy.0 = Release|ARM
		{2C736A5D-29B2-4DB7-9553-F1FB48E98972}.AppStore|iPhone.ActiveCfg = Release|x86
		{2C736A5D-29B2-4DB7-9553-F1FB48E98972}.AppStore|iPhone.Build.0 = Release|x86
		{2C736A5D-29B2-4DB7-9553-F1FB48E98972}.AppStore|iPhone.Deploy.0 = Release|x86
		{2C736A5D-29B2-4DB7-9553-F1FB48E98972}.AppStore|iPhoneSimulator.ActiveCfg = Release|x86
		{2C736A5D-29B2-4DB7-9553-F1FB48E98972}.AppStore|iPhoneSimulator.Build.0 = Release|x86
		{2C736A5D-29B2-4DB7-9553-F1FB48E98972}.AppStore|iPhoneSimulator.Deploy.0 = Release|x86
		{2C736A5D-29B2-4DB7-9553-F1FB48E98972}.AppStore|x64.ActiveCfg = Release|x64
		{2C736A5D-29B2-4DB7-9553-F1FB48E98972}.AppStore|x64.Build.0 = Release|x64
		{2C736A5D-29B2-4DB7-9553-F1FB48E98972}.AppStore|x64.Deploy.0 = Release|x64
		{2C736A5D-29B2-4DB7-9553-F1FB48E98972}.AppStore|x86.ActiveCfg = Release|x86
		{2C736A5D-29B2-4DB7-9553-F1FB48E98972}.AppStore|x86.Build.0 = Release|x86
		{2C736A5D-29B2-4DB7-9553-F1FB48E98972}.AppStore|x86.Deploy.0 = Release|x86
		{2C736A5D-29B2-4DB7-9553-F1FB48E98972}.Debug|Any CPU.ActiveCfg = Debug|x86
		{2C736A5D-29B2-4DB7-9553-F1FB48E98972}.Debug|ARM.ActiveCfg = Debug|ARM
		{2C736A5D-29B2-4DB7-9553-F1FB48E98972}.Debug|ARM.Build.0 = Debug|ARM
		{2C736A5D-29B2-4DB7-9553-F1FB48E98972}.Debug|ARM.Deploy.0 = Debug|ARM
		{2C736A5D-29B2-4DB7-9553-F1FB48E98972}.Debug|iPhone.ActiveCfg = Debug|x86
		{2C736A5D-29B2-4DB7-9553-F1FB48E98972}.Debug|iPhoneSimulator.ActiveCfg = Debug|x86
		{2C736A5D-29B2-4DB7-9553-F1FB48E98972}.Debug|x64.ActiveCfg = Debug|x64
		{2C736A5D-29B2-4DB7-9553-F1FB48E98972}.Debug|x64.Build.0 = Debug|x64
		{2C736A5D-29B2-4DB7-9553-F1FB48E98972}.Debug|x64.Deploy.0 = Debug|x64
		{2C736A5D-29B2-4DB7-9553-F1FB48E98972}.Debug|x86.ActiveCfg = Debug|x86
		{2C736A5D-29B2-4DB7-9553-F1FB48E98972}.Debug|x86.Build.0 = Debug|x86
		{2C736A5D-29B2-4DB7-9553-F1FB48E98972}.Debug|x86.Deploy.0 = Debug|x86
		{2C736A5D-29B2-4DB7-9553-F1FB48E98972}.Release|Any CPU.ActiveCfg = Release|x86
		{2C736A5D-29B2-4DB7-9553-F1FB48E98972}.Release|ARM.ActiveCfg = Release|ARM
		{2C736A5D-29B2-4DB7-9553-F1FB48E98972}.Release|ARM.Build.0 = Release|ARM
		{2C736A5D-29B2-4DB7-9553-F1FB48E98972}.Release|ARM.Deploy.0 = Release|ARM
		{2C736A5D-29B2-4DB7-9553-F1FB48E98972}.Release|iPhone.ActiveCfg = Release|x86
		{2C736A5D-29B2-4DB7-9553-F1FB48E98972}.Release|iPhoneSimulator.ActiveCfg = Release|x86
		{2C736A5D-29B2-4DB7-9553-F1FB48E98972}.Release|x64.ActiveCfg = Release|x64
		{2C736A5D-29B2-4DB7-9553-F1FB48E98972}.Release|x64.Build.0 = Release|x64
		{2C736A5D-29B2-4DB7-9553-F1FB48E98972}.Release|x64.Deploy.0 = Release|x64
		{2C736A5D-29B2-4DB7-9553-F1FB48E98972}.Release|x86.ActiveCfg = Release|x86
		{2C736A5D-29B2-4DB7-9553-F1FB48E98972}.Release|x86.Build.0 = Release|x86
		{2C736A5D-29B2-4DB7-9553-F1FB48E98972}.Release|x86.Deploy.0 = Release|x86
	EndGlobalSection
	GlobalSection(SolutionProperties) = preSolution
		HideSolutionNode = FALSE
	EndGlobalSection
	GlobalSection(ExtensibilityGlobals) = postSolution
		SolutionGuid = {63431814-787D-404B-95DF-D7E80B35A089}
	EndGlobalSection
	GlobalSection(MonoDevelopProperties) = preSolution
		Policies = $0
		$0.DotNetNamingPolicy = $1
		$1.DirectoryNamespaceAssociation = None
		$1.ResourceNamePolicy = FileFormatDefault
		version = 0.1.4
	EndGlobalSection
EndGlobal
